
Microsoft Visual Studio Solution File, Format Version 12.00
# Visual Studio Version 17
VisualStudioVersion = 17.5.33516.290
MinimumVisualStudioVersion = 10.0.40219.1
Project("{FAE04EC0-301F-11D3-BF4B-00C04F79EFBC}") = "S10257116_AbstractShapeApp", "S10257116_AbstractShapeApp\S10257116_AbstractShapeApp.csproj", "{B95762D3-BFB0-4CB5-8605-B25C694A423F}"
EndProject
Global
	GlobalSection(SolutionConfigurationPlatforms) = preSolution
		Debug|Any CPU = Debug|Any CPU
		Release|Any CPU = Release|Any CPU
	EndGlobalSection
	GlobalSection(ProjectConfigurationPlatforms) = postSolution
		{B95762D3-BFB0-4CB5-8605-B25C694A423F}.Debug|Any CPU.ActiveCfg = Debug|Any CPU
		{B95762D3-BFB0-4CB5-8605-B25C694A423F}.Debug|Any CPU.Build.0 = Debug|Any CPU
		{B95762D3-BFB0-4CB5-8605-B25C694A423F}.Release|Any CPU.ActiveCfg = Release|Any CPU
		{B95762D3-BFB0-4CB5-8605-B25C694A423F}.Release|Any CPU.Build.0 = Release|Any CPU
	EndGlobalSection
	GlobalSection(SolutionProperties) = preSolution
		HideSolutionNode = FALSE
	EndGlobalSection
	GlobalSection(ExtensibilityGlobals) = postSolution
		SolutionGuid = {99C19BD3-01E0-4584-9A56-37A7FB44313C}
	EndGlobalSection
EndGlobal
